{
  "requires": true,
  "lockfileVersion": 1,
  "dependencies": {
    "angular-mass-autocomplete": {
      "version": "0.8.0",
      "resolved": "https://registry.npmjs.org/angular-mass-autocomplete/-/angular-mass-autocomplete-0.8.0.tgz",
      "integrity": "sha512-6g02+WrhjjAi2tRblBU0sce7y6MMPEif/RrNFVEd/iqtpcWQgbA0i6J9XalChkCZH0NRh7gFttcwPTi6hbcZCA=="
    }
  }
}
